
Microsoft Visual Studio Solution File, Format Version 12.00
# Visual Studio 15
VisualStudioVersion = 15.0.26124.0
MinimumVisualStudioVersion = 15.0.26124.0
Project("{FAE04EC0-301F-11D3-BF4B-00C04F79EFBC}") = "SynPatcher", "SynPotionWeight\SynPatcher.csproj", "{F8F81B1D-66B4-4D93-8E60-9D05445F7FE7}"
EndProject
